// !$*UTF8*$!
{
	archiveVersion = 1;
	classes = {
	};
	objectVersion = 50;
	objects = {

/* Begin PBXBuildFile section */
		CE18FE1B20E88AFE00608511 /* AppDelegate.swift in Sources */ = {isa = PBXBuildFile; fileRef = CE18FE1A20E88AFE00608511 /* AppDelegate.swift */; };
		CE18FE1D20E88AFE00608511 /* ViewController.swift in Sources */ = {isa = PBXBuildFile; fileRef = CE18FE1C20E88AFE00608511 /* ViewController.swift */; };
		CE18FE2020E88AFE00608511 /* Main.storyboard in Resources */ = {isa = PBXBuildFile; fileRef = CE18FE1E20E88AFE00608511 /* Main.storyboard */; };
		CE18FE2520E88B0100608511 /* LaunchScreen.storyboard in Resources */ = {isa = PBXBuildFile; fileRef = CE18FE2320E88B0100608511 /* LaunchScreen.storyboard */; };
		CE18FE2D20E8903F00608511 /* Assets.xcassets in Resources */ = {isa = PBXBuildFile; fileRef = CE18FE2C20E8903F00608511 /* Assets.xcassets */; };
		CE18FE2F20E8A01300608511 /* StampSelectViewController.swift in Sources */ = {isa = PBXBuildFile; fileRef = CE18FE2E20E8A01300608511 /* StampSelectViewController.swift */; };
		CE18FE3120E8A24000608511 /* Stamp.swift in Sources */ = {isa = PBXBuildFile; fileRef = CE18FE3020E8A23F00608511 /* Stamp.swift */; };
/* End PBXBuildFile section */

/* Begin PBXFileReference section */
		CE18FE1720E88AFE00608511 /* StampCamera01.app */ = {isa = PBXFileReference; explicitFileType = wrapper.application; includeInIndex = 0; path = StampCamera01.app; sourceTree = BUILT_PRODUCTS_DIR; };
		CE18FE1A20E88AFE00608511 /* AppDelegate.swift */ = {isa = PBXFileReference; lastKnownFileType = sourcecode.swift; path = AppDelegate.swift; sourceTree = "<group>"; };
		CE18FE1C20E88AFE00608511 /* ViewController.swift */ = {isa = PBXFileReference; lastKnownFileType = sourcecode.swift; path = ViewController.swift; sourceTree = "<group>"; };
		CE18FE1F20E88AFE00608511 /* Base */ = {isa = PBXFileReference; lastKnownFileType = file.storyboard; name = Base; path = Base.lproj/Main.storyboard; sourceTree = "<group>"; };
		CE18FE2420E88B0100608511 /* Base */ = {isa = PBXFileReference; lastKnownFileType = file.storyboard; name = Base; path = Base.lproj/LaunchScreen.storyboard; sourceTree = "<group>"; };
		CE18FE2620E88B0100608511 /* Info.plist */ = {isa = PBXFileReference; lastKnownFileType = text.plist.xml; path = Info.plist; sourceTree = "<group>"; };
		CE18FE2C20E8903F00608511 /* Assets.xcassets */ = {isa = PBXFileReference; lastKnownFileType = folder.assetcatalog; path = Assets.xcassets; sourceTree = "<group>"; };
		CE18FE2E20E8A01300608511 /* StampSelectViewController.swift */ = {isa = PBXFileReference; fileEncoding = 4; lastKnownFileType = sourcecode.swift; path = StampSelectViewController.swift; sourceTree = "<group>"; };
		CE18FE3020E8A23F00608511 /* Stamp.swift */ = {isa = PBXFileReference; fileEncoding = 4; lastKnownFileType = sourcecode.swift; path = Stamp.swift; sourceTree = "<group>"; };
/* End PBXFileReference section */

/* Begin PBXFrameworksBuildPhase section */
		CE18FE1420E88AFE00608511 /* Frameworks */ = {
			isa = PBXFrameworksBuildPhase;
			buildActionMask = 2147483647;
			files = (
			);
			runOnlyForDeploymentPostprocessing = 0;
		};
/* End PBXFrameworksBuildPhase section */

/* Begin PBXGroup section */
		CE18FE0E20E88AFE00608511 = {
			isa = PBXGroup;
			children = (
				CE18FE1920E88AFE00608511 /* StampCamera01 */,
				CE18FE1820E88AFE00608511 /* Products */,
			);
			sourceTree = "<group>";
		};
		CE18FE1820E88AFE00608511 /* Products */ = {
			isa = PBXGroup;
			children = (
				CE18FE1720E88AFE00608511 /* StampCamera01.app */,
			);
			name = Products;
			sourceTree = "<group>";
		};
		CE18FE1920E88AFE00608511 /* StampCamera01 */ = {
			isa = PBXGroup;
			children = (
				CE18FE1A20E88AFE00608511 /* AppDelegate.swift */,
				CE18FE1C20E88AFE00608511 /* ViewController.swift */,
				CE18FE2E20E8A01300608511 /* StampSelectViewController.swift */,
				CE18FE3020E8A23F00608511 /* Stamp.swift */,
				CE18FE2C20E8903F00608511 /* Assets.xcassets */,
				CE18FE1E20E88AFE00608511 /* Main.storyboard */,
				CE18FE2320E88B0100608511 /* LaunchScreen.storyboard */,
				CE18FE2620E88B0100608511 /* Info.plist */,
			);
			path = StampCamera01;
			sourceTree = "<group>";
		};
/* End PBXGroup section */

/* Begin PBXNativeTarget section */
		CE18FE1620E88AFE00608511 /* StampCamera01 */ = {
			isa = PBXNativeTarget;
			buildConfigurationList = CE18FE2920E88B0100608511 /* Build configuration list for PBXNativeTarget "StampCamera01" */;
			buildPhases = (
				CE18FE1320E88AFE00608511 /* Sources */,
				CE18FE1420E88AFE00608511 /* Frameworks */,
				CE18FE1520E88AFE00608511 /* Resources */,
			);
			buildRules = (
			);
			dependencies = (
			);
			name = StampCamera01;
			productName = StampCamera01;
			productReference = CE18FE1720E88AFE00608511 /* StampCamera01.app */;
			productType = "com.apple.product-type.application";
		};
/* End PBXNativeTarget section */

/* Begin PBXProject section */
		CE18FE0F20E88AFE00608511 /* Project object */ = {
			isa = PBXProject;
			attributes = {
				LastSwiftUpdateCheck = 0940;
				LastUpgradeCheck = 0940;
				ORGANIZATIONNAME = USER;
				TargetAttributes = {
					CE18FE1620E88AFE00608511 = {
						CreatedOnToolsVersion = 9.4.1;
					};
				};
			};
			buildConfigurationList = CE18FE1220E88AFE00608511 /* Build configuration list for PBXProject "StampCamera01" */;
			compatibilityVersion = "Xcode 9.3";
			developmentRegion = en;
			hasScannedForEncodings = 0;
			knownRegions = (
				en,
				Base,
			);
			mainGroup = CE18FE0E20E88AFE00608511;
			productRefGroup = CE18FE1820E88AFE00608511 /* Products */;
			projectDirPath = "";
			projectRoot = "";
			targets = (
				CE18FE1620E88AFE00608511 /* StampCamera01 */,
			);
		};
/* End PBXProject section */

/* Begin PBXResourcesBuildPhase section */
		CE18FE1520E88AFE00608511 /* Resources */ = {
			isa = PBXResourcesBuildPhase;
			buildActionMask = 2147483647;
			files = (
				CE18FE2520E88B0100608511 /* LaunchScreen.storyboard in Resources */,
				CE18FE2D20E8903F00608511 /* Assets.xcassets in Resources */,
				CE18FE2020E88AFE00608511 /* Main.storyboard in Resources */,
			);
			runOnlyForDeploymentPostprocessing = 0;
		};
/* End PBXResourcesBuildPhase section */

/* Begin PBXSourcesBuildPhase section */
		CE18FE1320E88AFE00608511 /* Sources */ = {
			isa = PBXSourcesBuildPhase;
			buildActionMask = 2147483647;
			files = (
				CE18FE1D20E88AFE00608511 /* ViewController.swift in Sources */,
				CE18FE2F20E8A01300608511 /* StampSelectViewController.swift in Sources */,
				CE18FE1B20E88AFE00608511 /* AppDelegate.swift in Sources */,
				CE18FE3120E8A24000608511 /* Stamp.swift in Sources */,
			);
			runOnlyForDeploymentPostprocessing = 0;
		};
/* End PBXSourcesBuildPhase section */

/* Begin PBXVariantGroup section */
		CE18FE1E20E88AFE00608511 /* Main.storyboard */ = {
			isa = PBXVariantGroup;
			children = (
				CE18FE1F20E88AFE00608511 /* Base */,
			);
			name = Main.storyboard;
			sourceTree = "<group>";
		};
		CE18FE2320E88B0100608511 /* LaunchScreen.storyboard */ = {
			isa = PBXVariantGroup;
			children = (
				CE18FE2420E88B0100608511 /* Base */,
			);
			name = LaunchScreen.storyboard;
			sourceTree = "<group>";
		};
/* End PBXVariantGroup section */

/* Begin XCBuildConfiguration section */
		CE18FE2720E88B0100608511 /* Debug */ = {
			isa = XCBuildConfiguration;
			buildSettings = {
				ALWAYS_SEARCH_USER_PATHS = NO;
				CLANG_ANALYZER_NONNULL = YES;
				CLANG_ANALYZER_NUMBER_OBJECT_CONVERSION = YES_AGGRESSIVE;
				CLANG_CXX_LANGUAGE_STANDARD = "gnu++14";
				CLANG_CXX_LIBRARY = "libc++";
				CLANG_ENABLE_MODULES = YES;
				CLANG_ENABLE_OBJC_ARC = YES;
				CLANG_ENABLE_OBJC_WEAK = YES;
				CLANG_WARN_BLOCK_CAPTURE_AUTORELEASING = YES;
				CLANG_WARN_BOOL_CONVERSION = YES;
				CLANG_WARN_COMMA = YES;
				CLANG_WARN_CONSTANT_CONVERSION = YES;
				CLANG_WARN_DEPRECATED_OBJC_IMPLEMENTATIONS = YES;
				CLANG_WARN_DIRECT_OBJC_ISA_USAGE = YES_ERROR;
				CLANG_WARN_DOCUMENTATION_COMMENTS = YES;
				CLANG_WARN_EMPTY_BODY = YES;
				CLANG_WARN_ENUM_CONVERSION = YES;
				CLANG_WARN_INFINITE_RECURSION = YES;
				CLANG_WARN_INT_CONVERSION = YES;
				CLANG_WARN_NON_LITERAL_NULL_CONVERSION = YES;
				CLANG_WARN_OBJC_IMPLICIT_RETAIN_SELF = YES;
				CLANG_WARN_OBJC_LITERAL_CONVERSION = YES;
				CLANG_WARN_OBJC_ROOT_CLASS = YES_ERROR;
				CLANG_WARN_RANGE_LOOP_ANALYSIS = YES;
				CLANG_WARN_STRICT_PROTOTYPES = YES;
				CLANG_WARN_SUSPICIOUS_MOVE = YES;
				CLANG_WARN_UNGUARDED_AVAILABILITY = YES_AGGRESSIVE;
				CLANG_WARN_UNREACHABLE_CODE = YES;
				CLANG_WARN__DUPLICATE_METHOD_MATCH = YES;
				CODE_SIGN_IDENTITY = "iPhone Developer";
				COPY_PHASE_STRIP = NO;
				DEBUG_INFORMATION_FORMAT = dwarf;
				ENABLE_STRICT_OBJC_MSGSEND = YES;
				ENABLE_TESTABILITY = YES;
				GCC_C_LANGUAGE_STANDARD = gnu11;
				GCC_DYNAMIC_NO_PIC = NO;
				GCC_NO_COMMON_BLOCKS = YES;
				GCC_OPTIMIZATION_LEVEL = 0;
				GCC_PREPROCESSOR_DEFINITIONS = (
					"DEBUG=1",
					"$(inherited)",
				);
				GCC_WARN_64_TO_32_BIT_CONVERSION = YES;
				GCC_WARN_ABOUT_RETURN_TYPE = YES_ERROR;
				GCC_WARN_UNDECLARED_SELECTOR = YES;
				GCC_WARN_UNINITIALIZED_AUTOS = YES_AGGRESSIVE;
				GCC_WARN_UNUSED_FUNCTION = YES;
				GCC_WARN_UNUSED_VARIABLE = YES;
				IPHONEOS_DEPLOYMENT_TARGET = 11.4;
				MTL_ENABLE_DEBUG_INFO = YES;
				ONLY_ACTIVE_ARCH = YES;
				SDKROOT = iphoneos;
				SWIFT_ACTIVE_COMPILATION_CONDITIONS = DEBUG;
				SWIFT_OPTIMIZATION_LEVEL = "-Onone";
			};
			name = Debug;
		};
		CE18FE2820E88B0100608511 /* Release */ = {
			isa = XCBuildConfiguration;
			buildSettings = {
				ALWAYS_SEARCH_USER_PATHS = NO;
				CLANG_ANALYZER_NONNULL = YES;
				CLANG_ANALYZER_NUMBER_OBJECT_CONVERSION = YES_AGGRESSIVE;
				CLANG_CXX_LANGUAGE_STANDARD = "gnu++14";
				CLANG_CXX_LIBRARY = "libc++";
				CLANG_ENABLE_MODULES = YES;
				CLANG_ENABLE_OBJC_ARC = YES;
				CLANG_ENABLE_OBJC_WEAK = YES;
				CLANG_WARN_BLOCK_CAPTURE_AUTORELEASING = YES;
				CLANG_WARN_BOOL_CONVERSION = YES;
				CLANG_WARN_COMMA = YES;
				CLANG_WARN_CONSTANT_CONVERSION = YES;
				CLANG_WARN_DEPRECATED_OBJC_IMPLEMENTATIONS = YES;
				CLANG_WARN_DIRECT_OBJC_ISA_USAGE = YES_ERROR;
				CLANG_WARN_DOCUMENTATION_COMMENTS = YES;
				CLANG_WARN_EMPTY_BODY = YES;
				CLANG_WARN_ENUM_CONVERSION = YES;
				CLANG_WARN_INFINITE_RECURSION = YES;
				CLANG_WARN_INT_CONVERSION = YES;
				CLANG_WARN_NON_LITERAL_NULL_CONVERSION = YES;
				CLANG_WARN_OBJC_IMPLICIT_RETAIN_SELF = YES;
				CLANG_WARN_OBJC_LITERAL_CONVERSION = YES;
				CLANG_WARN_OBJC_ROOT_CLASS = YES_ERROR;
				CLANG_WARN_RANGE_LOOP_ANALYSIS = YES;
				CLANG_WARN_STRICT_PROTOTYPES = YES;
				CLANG_WARN_SUSPICIOUS_MOVE = YES;
				CLANG_WARN_UNGUARDED_AVAILABILITY = YES_AGGRESSIVE;
				CLANG_WARN_UNREACHABLE_CODE = YES;
				CLANG_WARN__DUPLICATE_METHOD_MATCH = YES;
				CODE_SIGN_IDENTITY = "iPhone Developer";
				COPY_PHASE_STRIP = NO;
				DEBUG_INFORMATION_FORMAT = "dwarf-with-dsym";
				ENABLE_NS_ASSERTIONS = NO;
				ENABLE_STRICT_OBJC_MSGSEND = YES;
				GCC_C_LANGUAGE_STANDARD = gnu11;
				GCC_NO_COMMON_BLOCKS = YES;
				GCC_WARN_64_TO_32_BIT_CONVERSION = YES;
				GCC_WARN_ABOUT_RETURN_TYPE = YES_ERROR;
				GCC_WARN_UNDECLARED_SELECTOR = YES;
				GCC_WARN_UNINITIALIZED_AUTOS = YES_AGGRESSIVE;
				GCC_WARN_UNUSED_FUNCTION = YES;
				GCC_WARN_UNUSED_VARIABLE = YES;
				IPHONEOS_DEPLOYMENT_TARGET = 11.4;
				MTL_ENABLE_DEBUG_INFO = NO;
				SDKROOT = iphoneos;
				SWIFT_COMPILATION_MODE = wholemodule;
				SWIFT_OPTIMIZATION_LEVEL = "-O";
				VALIDATE_PRODUCT = YES;
			};
			name = Release;
		};
		CE18FE2A20E88B0100608511 /* Debug */ = {
			isa = XCBuildConfiguration;
			buildSettings = {
				ASSETCATALOG_COMPILER_APPICON_NAME = AppIcon;
				CODE_SIGN_STYLE = Manual;
				DEVELOPMENT_TEAM = GJ2SMU4PQH;
				INFOPLIST_FILE = StampCamera01/Info.plist;
				LD_RUNPATH_SEARCH_PATHS = (
					"$(inherited)",
					"@executable_path/Frameworks",
				);
				PRODUCT_BUNDLE_IDENTIFIER = jp.co.sjipk.StampCamera01;
				PRODUCT_NAME = "$(TARGET_NAME)";
				PROVISIONING_PROFILE = "585e5f2b-c211-42e2-80ce-b08613aab0ad";
				PROVISIONING_PROFILE_SPECIFIER = WildcardApp;
				SWIFT_VERSION = 4.0;
				TARGETED_DEVICE_FAMILY = "1,2";
			};
			name = Debug;
		};
		CE18FE2B20E88B0100608511 /* Release */ = {
			isa = XCBuildConfiguration;
			buildSettings = {
				ASSETCATALOG_COMPILER_APPICON_NAME = AppIcon;
				CODE_SIGN_STYLE = Manual;
				DEVELOPMENT_TEAM = GJ2SMU4PQH;
				INFOPLIST_FILE = StampCamera01/Info.plist;
				LD_RUNPATH_SEARCH_PATHS = (
					"$(inherited)",
					"@executable_path/Frameworks",
				);
				PRODUCT_BUNDLE_IDENTIFIER = jp.co.sjipk.StampCamera01;
				PRODUCT_NAME = "$(TARGET_NAME)";
				PROVISIONING_PROFILE = "585e5f2b-c211-42e2-80ce-b08613aab0ad";
				PROVISIONING_PROFILE_SPECIFIER = WildcardApp;
				SWIFT_VERSION = 4.0;
				TARGETED_DEVICE_FAMILY = "1,2";
			};
			name = Release;
		};
/* End XCBuildConfiguration section */

/* Begin XCConfigurationList section */
		CE18FE1220E88AFE00608511 /* Build configuration list for PBXProject "StampCamera01" */ = {
			isa = XCConfigurationList;
			buildConfigurations = (
				CE18FE2720E88B0100608511 /* Debug */,
				CE18FE2820E88B0100608511 /* Release */,
			);
			defaultConfigurationIsVisible = 0;
			defaultConfigurationName = Release;
		};
		CE18FE2920E88B0100608511 /* Build configuration list for PBXNativeTarget "StampCamera01" */ = {
			isa = XCConfigurationList;
			buildConfigurations = (
				CE18FE2A20E88B0100608511 /* Debug */,
				CE18FE2B20E88B0100608511 /* Release */,
			);
			defaultConfigurationIsVisible = 0;
			defaultConfigurationName = Release;
		};
/* End XCConfigurationList section */
	};
	rootObject = CE18FE0F20E88AFE00608511 /* Project object */;
}
